// !$*UTF8*$!
{
	archiveVersion = 1;
	classes = {
	};
	objectVersion = 46;
	objects = {

/* Begin PBXBuildFile section */
		BE676FF21A9215EB008DBC1C /* main.swift in Sources */ = {isa = PBXBuildFile; fileRef = BE676FF11A9215EB008DBC1C /* main.swift */; };
		BE6770101A923889008DBC1C /* EventEmitter.swift in Sources */ = {isa = PBXBuildFile; fileRef = BE67700F1A923889008DBC1C /* EventEmitter.swift */; };
/* End PBXBuildFile section */

/* Begin PBXCopyFilesBuildPhase section */
		BE676FEC1A9215EB008DBC1C /* CopyFiles */ = {
			isa = PBXCopyFilesBuildPhase;
			buildActionMask = 2147483647;
			dstPath = /usr/share/man/man1/;
			dstSubfolderSpec = 0;
			files = (
			);
			runOnlyForDeploymentPostprocessing = 1;
		};
/* End PBXCopyFilesBuildPhase section */

/* Begin PBXFileReference section */
		BE676FEE1A9215EB008DBC1C /* EventEmitter-Swift */ = {isa = PBXFileReference; explicitFileType = "compiled.mach-o.executable"; includeInIndex = 0; path = "EventEmitter-Swift"; sourceTree = BUILT_PRODUCTS_DIR; };
		BE676FF11A9215EB008DBC1C /* main.swift */ = {isa = PBXFileReference; lastKnownFileType = sourcecode.swift; path = main.swift; sourceTree = "<group>"; };
		BE67700F1A923889008DBC1C /* EventEmitter.swift */ = {isa = PBXFileReference; fileEncoding = 4; lastKnownFileType = sourcecode.swift; path = EventEmitter.swift; sourceTree = "<group>"; };
/* End PBXFileReference section */

/* Begin PBXFrameworksBuildPhase section */
		BE676FEB1A9215EB008DBC1C /* Frameworks */ = {
			isa = PBXFrameworksBuildPhase;
			buildActionMask = 2147483647;
			files = (
			);
			runOnlyForDeploymentPostprocessing = 0;
		};
/* End PBXFrameworksBuildPhase section */

/* Begin PBXGroup section */
		BE676FE51A9215EB008DBC1C = {
			isa = PBXGroup;
			children = (
				BE676FF01A9215EB008DBC1C /* EventEmitter-Swift */,
				BE676FEF1A9215EB008DBC1C /* Products */,
			);
			sourceTree = "<group>";
		};
		BE676FEF1A9215EB008DBC1C /* Products */ = {
			isa = PBXGroup;
			children = (
				BE676FEE1A9215EB008DBC1C /* EventEmitter-Swift */,
			);
			name = Products;
			sourceTree = "<group>";
		};
		BE676FF01A9215EB008DBC1C /* EventEmitter-Swift */ = {
			isa = PBXGroup;
			children = (
				BE676FF11A9215EB008DBC1C /* main.swift */,
				BE67700F1A923889008DBC1C /* EventEmitter.swift */,
			);
			path = "EventEmitter-Swift";
			sourceTree = "<group>";
		};
/* End PBXGroup section */

/* Begin PBXNativeTarget section */
		BE676FED1A9215EB008DBC1C /* EventEmitter-Swift */ = {
			isa = PBXNativeTarget;
			buildConfigurationList = BE676FF51A9215EB008DBC1C /* Build configuration list for PBXNativeTarget "EventEmitter-Swift" */;
			buildPhases = (
				BE676FEA1A9215EB008DBC1C /* Sources */,
				BE676FEB1A9215EB008DBC1C /* Frameworks */,
				BE676FEC1A9215EB008DBC1C /* CopyFiles */,
			);
			buildRules = (
			);
			dependencies = (
			);
			name = "EventEmitter-Swift";
			productName = "EventEmitter-Swift";
			productReference = BE676FEE1A9215EB008DBC1C /* EventEmitter-Swift */;
			productType = "com.apple.product-type.tool";
		};
/* End PBXNativeTarget section */

/* Begin PBXProject section */
		BE676FE61A9215EB008DBC1C /* Project object */ = {
			isa = PBXProject;
			attributes = {
				LastUpgradeCheck = 0610;
				ORGANIZATIONNAME = "Mist Technologies, Inc.";
				TargetAttributes = {
					BE676FED1A9215EB008DBC1C = {
						CreatedOnToolsVersion = 6.1.1;
					};
				};
			};
			buildConfigurationList = BE676FE91A9215EB008DBC1C /* Build configuration list for PBXProject "EventEmitter-Swift" */;
			compatibilityVersion = "Xcode 3.2";
			developmentRegion = English;
			hasScannedForEncodings = 0;
			knownRegions = (
				en,
			);
			mainGroup = BE676FE51A9215EB008DBC1C;
			productRefGroup = BE676FEF1A9215EB008DBC1C /* Products */;
			projectDirPath = "";
			projectRoot = "";
			targets = (
				BE676FED1A9215EB008DBC1C /* EventEmitter-Swift */,
			);
		};
/* End PBXProject section */

/* Begin PBXSourcesBuildPhase section */
		BE676FEA1A9215EB008DBC1C /* Sources */ = {
			isa = PBXSourcesBuildPhase;
			buildActionMask = 2147483647;
			files = (
				BE676FF21A9215EB008DBC1C /* main.swift in Sources */,
				BE6770101A923889008DBC1C /* EventEmitter.swift in Sources */,
			);
			runOnlyForDeploymentPostprocessing = 0;
		};
/* End PBXSourcesBuildPhase section */

/* Begin XCBuildConfiguration section */
		BE676FF31A9215EB008DBC1C /* Debug */ = {
			isa = XCBuildConfiguration;
			buildSettings = {
				ALWAYS_SEARCH_USER_PATHS = NO;
				CLANG_CXX_LANGUAGE_STANDARD = "gnu++0x";
				CLANG_CXX_LIBRARY = "libc++";
				CLANG_ENABLE_MODULES = YES;
				CLANG_ENABLE_OBJC_ARC = YES;
				CLANG_WARN_BOOL_CONVERSION = YES;
				CLANG_WARN_CONSTANT_CONVERSION = YES;
				CLANG_WARN_DIRECT_OBJC_ISA_USAGE = YES_ERROR;
				CLANG_WARN_EMPTY_BODY = YES;
				CLANG_WARN_ENUM_CONVERSION = YES;
				CLANG_WARN_INT_CONVERSION = YES;
				CLANG_WARN_OBJC_ROOT_CLASS = YES_ERROR;
				CLANG_WARN_UNREACHABLE_CODE = YES;
				CLANG_WARN__DUPLICATE_METHOD_MATCH = YES;
				COPY_PHASE_STRIP = NO;
				ENABLE_STRICT_OBJC_MSGSEND = YES;
				GCC_C_LANGUAGE_STANDARD = gnu99;
				GCC_DYNAMIC_NO_PIC = NO;
				GCC_OPTIMIZATION_LEVEL = 0;
				GCC_PREPROCESSOR_DEFINITIONS = (
					"DEBUG=1",
					"$(inherited)",
				);
				GCC_SYMBOLS_PRIVATE_EXTERN = NO;
				GCC_WARN_64_TO_32_BIT_CONVERSION = YES;
				GCC_WARN_ABOUT_RETURN_TYPE = YES_ERROR;
				GCC_WARN_UNDECLARED_SELECTOR = YES;
				GCC_WARN_UNINITIALIZED_AUTOS = YES_AGGRESSIVE;
				GCC_WARN_UNUSED_FUNCTION = YES;
				GCC_WARN_UNUSED_VARIABLE = YES;
				MACOSX_DEPLOYMENT_TARGET = 10.10;
				MTL_ENABLE_DEBUG_INFO = YES;
				ONLY_ACTIVE_ARCH = YES;
				SDKROOT = macosx;
				SWIFT_OPTIMIZATION_LEVEL = "-Onone";
			};
			name = Debug;
		};
		BE676FF41A9215EB008DBC1C /* Release */ = {
			isa = XCBuildConfiguration;
			buildSettings = {
				ALWAYS_SEARCH_USER_PATHS = NO;
				CLANG_CXX_LANGUAGE_STANDARD = "gnu++0x";
				CLANG_CXX_LIBRARY = "libc++";
				CLANG_ENABLE_MODULES = YES;
				CLANG_ENABLE_OBJC_ARC = YES;
				CLANG_WARN_BOOL_CONVERSION = YES;
				CLANG_WARN_CONSTANT_CONVERSION = YES;
				CLANG_WARN_DIRECT_OBJC_ISA_USAGE = YES_ERROR;
				CLANG_WARN_EMPTY_BODY = YES;
				CLANG_WARN_ENUM_CONVERSION = YES;
				CLANG_WARN_INT_CONVERSION = YES;
				CLANG_WARN_OBJC_ROOT_CLASS = YES_ERROR;
				CLANG_WARN_UNREACHABLE_CODE = YES;
				CLANG_WARN__DUPLICATE_METHOD_MATCH = YES;
				COPY_PHASE_STRIP = YES;
				DEBUG_INFORMATION_FORMAT = "dwarf-with-dsym";
				ENABLE_NS_ASSERTIONS = NO;
				ENABLE_STRICT_OBJC_MSGSEND = YES;
				GCC_C_LANGUAGE_STANDARD = gnu99;
				GCC_WARN_64_TO_32_BIT_CONVERSION = YES;
				GCC_WARN_ABOUT_RETURN_TYPE = YES_ERROR;
				GCC_WARN_UNDECLARED_SELECTOR = YES;
				GCC_WARN_UNINITIALIZED_AUTOS = YES_AGGRESSIVE;
				GCC_WARN_UNUSED_FUNCTION = YES;
				GCC_WARN_UNUSED_VARIABLE = YES;
				MACOSX_DEPLOYMENT_TARGET = 10.10;
				MTL_ENABLE_DEBUG_INFO = NO;
				SDKROOT = macosx;
			};
			name = Release;
		};
		BE676FF61A9215EB008DBC1C /* Debug */ = {
			isa = XCBuildConfiguration;
			buildSettings = {
				PRODUCT_NAME = "$(TARGET_NAME)";
			};
			name = Debug;
		};
		BE676FF71A9215EB008DBC1C /* Release */ = {
			isa = XCBuildConfiguration;
			buildSettings = {
				PRODUCT_NAME = "$(TARGET_NAME)";
			};
			name = Release;
		};
/* End XCBuildConfiguration section */

/* Begin XCConfigurationList section */
		BE676FE91A9215EB008DBC1C /* Build configuration list for PBXProject "EventEmitter-Swift" */ = {
			isa = XCConfigurationList;
			buildConfigurations = (
				BE676FF31A9215EB008DBC1C /* Debug */,
				BE676FF41A9215EB008DBC1C /* Release */,
			);
			defaultConfigurationIsVisible = 0;
			defaultConfigurationName = Release;
		};
		BE676FF51A9215EB008DBC1C /* Build configuration list for PBXNativeTarget "EventEmitter-Swift" */ = {
			isa = XCConfigurationList;
			buildConfigurations = (
				BE676FF61A9215EB008DBC1C /* Debug */,
				BE676FF71A9215EB008DBC1C /* Release */,
			);
			defaultConfigurationIsVisible = 0;
			defaultConfigurationName = Release;
		};
/* End XCConfigurationList section */
	};
	rootObject = BE676FE61A9215EB008DBC1C /* Project object */;
}
